PODS:
  - AFNetworking (2.0.3):
    - AFNetworking/NSURLConnection
    - AFNetworking/NSURLSession
    - AFNetworking/Reachability
    - AFNetworking/Security
    - AFNetworking/Serialization
    - AFNetworking/UIKit
  - AFNetworking/NSURLConnection (2.0.3):
    - AFNetworking/Reachability
    - AFNetworking/Security
    - AFNetworking/Serialization
  - AFNetworking/NSURLSession (2.0.3):
    - AFNetworking/NSURLConnection
  - AFNetworking/Reachability (2.0.3)
  - AFNetworking/Security (2.0.3)
  - AFNetworking/Serialization (2.0.3)
  - AFNetworking/UIKit (2.0.3):
    - AFNetworking/NSURLConnection
  - Fare (1.0.2):
    - AFNetworking (~> 2.0.3)
    - Mantle (~> 1.3)
    - ReactiveCocoa (~> 2.1)
    - XMLDictionary (~> 1.3)
  - FormatterKit (1.3.1):
    - FormatterKit/AddressFormatter
    - FormatterKit/ArrayFormatter
    - FormatterKit/ColorFormatter
    - FormatterKit/LocationFormatter
    - FormatterKit/OrdinalNumberFormatter
    - FormatterKit/TimeIntervalFormatter
    - FormatterKit/UnitOfInformationFormatter
    - FormatterKit/URLRequestFormatter
  - FormatterKit/AddressFormatter (1.3.1)
  - FormatterKit/ArrayFormatter (1.3.1)
  - FormatterKit/ColorFormatter (1.3.1)
  - FormatterKit/LocationFormatter (1.3.1)
  - FormatterKit/OrdinalNumberFormatter (1.3.1)
  - FormatterKit/TimeIntervalFormatter (1.3.1)
  - FormatterKit/UnitOfInformationFormatter (1.3.1)
  - FormatterKit/URLRequestFormatter (1.3.1)
  - Google-Maps-iOS-SDK (1.6.1)
  - HexColors (2.2.1)
  - Mantle (1.3.1):
    - Mantle/extobjc
  - Mantle/extobjc (1.3.1)
  - ReactiveCocoa (2.1.7):
    - ReactiveCocoa/Core
    - ReactiveCocoa/no-arc
  - ReactiveCocoa/Core (2.1.7):
    - ReactiveCocoa/no-arc
  - ReactiveCocoa/no-arc (2.1.7)
  - SVPulsingAnnotationView (0.3.0)
  - TTTAttributedLabel (1.7.5)
  - XMLDictionary (1.3)

DEPENDENCIES:
  - AFNetworking (~> 2.0.3)
  - Fare (from `git@github.com:jonahgrant/fare.git`, branch `master`)
  - FormatterKit (~> 1.3.1)
  - Google-Maps-iOS-SDK (~> 1.6.0)
  - HexColors (~> 2.2.1)
  - Mantle (~> 1.3)
  - ReactiveCocoa (~> 2.1)
  - SVPulsingAnnotationView (~> 0.3.0)
  - TTTAttributedLabel (~> 1.7.5)

EXTERNAL SOURCES:
  Fare:
    :branch: master
    :git: git@github.com:jonahgrant/fare.git

SPEC CHECKSUMS:
  AFNetworking: e499052cbf3d743e9bb727bb37adb9dc2547ba15
  Fare: cb3f7346e8a05968aa6ba8179ac89ae49830c980
  FormatterKit: 1238e7a6800c750a5f50f5fec1cc430d8e3b71e7
  Google-Maps-iOS-SDK: 29876f757dd2c9b61236a0940e629005ad3ad811
  HexColors: 3a68db077cd6572a8f7d4aa1add284dd2436a934
  Mantle: abc3b0c81bc66eb624cf9cebb8640e377d5a44ae
  ReactiveCocoa: 1117f7968c8667d2ca00b5aa47156fabcb56af75
  SVPulsingAnnotationView: ce58bcff7c1aeb15022a1db6c26f88981c05b91c
  TTTAttributedLabel: 1eb635d4d844cb7abce4d839faefca2a3409950d
  XMLDictionary: 27390d3517062694ccb307a7750250e1b687571d

COCOAPODS: 0.28.0
