// !$*UTF8*$!
{
	archiveVersion = 1;
	classes = {
	};
	objectVersion = 46;
	objects = {

/* Begin PBXAggregateTarget section */
		ABEDEB42184BE67700B82E59 /* Mogenerator */ = {
			isa = PBXAggregateTarget;
			buildConfigurationList = ABEDEB43184BE67800B82E59 /* Build configuration list for PBXAggregateTarget "Mogenerator" */;
			buildPhases = (
				ABEDEB46184BE69100B82E59 /* ShellScript */,
			);
			dependencies = (
			);
			name = Mogenerator;
			productName = Mogenerator;
		};
/* End PBXAggregateTarget section */

/* Begin PBXBuildFile section */
		AB2C4C27184D49A5001E2EA2 /* street-view-icon.png in Resources */ = {isa = PBXBuildFile; fileRef = AB2C4C25184D49A5001E2EA2 /* street-view-icon.png */; };
		AB2C4C28184D49A5001E2EA2 /* street-view-icon@2x.png in Resources */ = {isa = PBXBuildFile; fileRef = AB2C4C26184D49A5001E2EA2 /* street-view-icon@2x.png */; };
		AB3006E41852F9E4007A4E29 /* DataStore.m in Sources */ = {isa = PBXBuildFile; fileRef = AB3006E31852F9E4007A4E29 /* DataStore.m */; };
		AB32F9D11856B0C300FBC50D /* CoreData.framework in Frameworks */ = {isa = PBXBuildFile; fileRef = AB32F9D01856B0C300FBC50D /* CoreData.framework */; };
		AB32F9D31856B0C700FBC50D /* SystemConfiguration.framework in Frameworks */ = {isa = PBXBuildFile; fileRef = AB32F9D21856B0C700FBC50D /* SystemConfiguration.framework */; };
		AB32F9D51856B0E200FBC50D /* libz.dylib in Frameworks */ = {isa = PBXBuildFile; fileRef = AB32F9D41856B0E200FBC50D /* libz.dylib */; };
		AB3DF359185CD45E00942F67 /* stop-icon.png in Resources */ = {isa = PBXBuildFile; fileRef = AB3DF357185CD45E00942F67 /* stop-icon.png */; };
		AB3DF35A185CD45E00942F67 /* stop-icon@2x.png in Resources */ = {isa = PBXBuildFile; fileRef = AB3DF358185CD45E00942F67 /* stop-icon@2x.png */; };
		AB3DF35D185CDA3300942F67 /* LocationManager.m in Sources */ = {isa = PBXBuildFile; fileRef = AB3DF35C185CDA3300942F67 /* LocationManager.m */; };
		AB544339185696E200B65D3D /* Icon-40.png in Resources */ = {isa = PBXBuildFile; fileRef = AB544331185696E200B65D3D /* Icon-40.png */; };
		AB54433A185696E200B65D3D /* Icon-40@2x.png in Resources */ = {isa = PBXBuildFile; fileRef = AB544332185696E200B65D3D /* Icon-40@2x.png */; };
		AB54433B185696E200B65D3D /* Icon-60.png in Resources */ = {isa = PBXBuildFile; fileRef = AB544333185696E200B65D3D /* Icon-60.png */; };
		AB54433C185696E200B65D3D /* Icon-60@2x.png in Resources */ = {isa = PBXBuildFile; fileRef = AB544334185696E200B65D3D /* Icon-60@2x.png */; };
		AB54433D185696E200B65D3D /* Icon-76.png in Resources */ = {isa = PBXBuildFile; fileRef = AB544335185696E200B65D3D /* Icon-76.png */; };
		AB54433E185696E200B65D3D /* Icon-76@2x.png in Resources */ = {isa = PBXBuildFile; fileRef = AB544336185696E200B65D3D /* Icon-76@2x.png */; };
		AB54433F185696E200B65D3D /* Icon-Small.png in Resources */ = {isa = PBXBuildFile; fileRef = AB544337185696E200B65D3D /* Icon-Small.png */; };
		AB544340185696E200B65D3D /* Icon-Small@2x.png in Resources */ = {isa = PBXBuildFile; fileRef = AB544338185696E200B65D3D /* Icon-Small@2x.png */; };
		ABABF5341862A5BB006DEAF0 /* StopsViewControllerModel.m in Sources */ = {isa = PBXBuildFile; fileRef = ABABF5331862A5BB006DEAF0 /* StopsViewControllerModel.m */; };
		ABABF53B1862BFDD006DEAF0 /* StopsViewController.m in Sources */ = {isa = PBXBuildFile; fileRef = ABABF53A1862BFDD006DEAF0 /* StopsViewController.m */; };
		ABABF5401862BFE8006DEAF0 /* StopCell.m in Sources */ = {isa = PBXBuildFile; fileRef = ABABF53D1862BFE8006DEAF0 /* StopCell.m */; };
		ABABF5411862BFE8006DEAF0 /* StopCellView.m in Sources */ = {isa = PBXBuildFile; fileRef = ABABF53F1862BFE8006DEAF0 /* StopCellView.m */; };
		ABABF5451862BFF6006DEAF0 /* StopCellModel.m in Sources */ = {isa = PBXBuildFile; fileRef = ABABF5441862BFF6006DEAF0 /* StopCellModel.m */; };
		ABBCE9E01855573400DEFA9E /* map-icon.png in Resources */ = {isa = PBXBuildFile; fileRef = ABBCE9DE1855573400DEFA9E /* map-icon.png */; };
		ABBCE9E11855573400DEFA9E /* map-icon@2x.png in Resources */ = {isa = PBXBuildFile; fileRef = ABBCE9DF1855573400DEFA9E /* map-icon@2x.png */; };
		ABEDEAD8184BD90D00B82E59 /* Foundation.framework in Frameworks */ = {isa = PBXBuildFile; fileRef = ABEDEAD7184BD90D00B82E59 /* Foundation.framework */; };
		ABEDEADA184BD90D00B82E59 /* CoreGraphics.framework in Frameworks */ = {isa = PBXBuildFile; fileRef = ABEDEAD9184BD90D00B82E59 /* CoreGraphics.framework */; };
		ABEDEADC184BD90D00B82E59 /* UIKit.framework in Frameworks */ = {isa = PBXBuildFile; fileRef = ABEDEADB184BD90D00B82E59 /* UIKit.framework */; };
		ABEDEAFD184BD90D00B82E59 /* XCTest.framework in Frameworks */ = {isa = PBXBuildFile; fileRef = ABEDEAFC184BD90D00B82E59 /* XCTest.framework */; };
		ABEDEAFE184BD90D00B82E59 /* Foundation.framework in Frameworks */ = {isa = PBXBuildFile; fileRef = ABEDEAD7184BD90D00B82E59 /* Foundation.framework */; };
		ABEDEAFF184BD90D00B82E59 /* UIKit.framework in Frameworks */ = {isa = PBXBuildFile; fileRef = ABEDEADB184BD90D00B82E59 /* UIKit.framework */; };
		ABEDEB07184BD90D00B82E59 /* InfoPlist.strings in Resources */ = {isa = PBXBuildFile; fileRef = ABEDEB05184BD90D00B82E59 /* InfoPlist.strings */; };
		ABEDEB09184BD90D00B82E59 /* UMBusTests.m in Sources */ = {isa = PBXBuildFile; fileRef = ABEDEB08184BD90D00B82E59 /* UMBusTests.m */; };
		ABEDEB29184BDA1B00B82E59 /* Images.xcassets in Resources */ = {isa = PBXBuildFile; fileRef = ABEDEB14184BDA1B00B82E59 /* Images.xcassets */; };
		ABEDEB2B184BDA1B00B82E59 /* Main_iPhone.storyboard in Resources */ = {isa = PBXBuildFile; fileRef = ABEDEB17184BDA1B00B82E59 /* Main_iPhone.storyboard */; };
		ABEDEB2C184BDA1B00B82E59 /* InfoPlist.strings in Resources */ = {isa = PBXBuildFile; fileRef = ABEDEB19184BDA1B00B82E59 /* InfoPlist.strings */; };
		ABEDEB36184BDC0A00B82E59 /* MapKit.framework in Frameworks */ = {isa = PBXBuildFile; fileRef = ABEDEB35184BDC0A00B82E59 /* MapKit.framework */; };
		ABEDEB93184C103B00B82E59 /* AppDelegate.m in Sources */ = {isa = PBXBuildFile; fileRef = ABEDEB7F184C103B00B82E59 /* AppDelegate.m */; };
		ABEDEB94184C103B00B82E59 /* main.m in Sources */ = {isa = PBXBuildFile; fileRef = ABEDEB80184C103B00B82E59 /* main.m */; };
		ABEDEBA2184C1CA400B82E59 /* Bus.png in Resources */ = {isa = PBXBuildFile; fileRef = ABEDEBA1184C1CA400B82E59 /* Bus.png */; };
		ABEDEBAB184C266D00B82E59 /* bus_90.png in Resources */ = {isa = PBXBuildFile; fileRef = ABEDEBA3184C266D00B82E59 /* bus_90.png */; };
		ABEDEBAC184C266D00B82E59 /* bus0.png in Resources */ = {isa = PBXBuildFile; fileRef = ABEDEBA4184C266D00B82E59 /* bus0.png */; };
		ABEDEBAD184C266D00B82E59 /* bus45.png in Resources */ = {isa = PBXBuildFile; fileRef = ABEDEBA5184C266D00B82E59 /* bus45.png */; };
		ABEDEBAE184C266D00B82E59 /* bus135.png in Resources */ = {isa = PBXBuildFile; fileRef = ABEDEBA6184C266D00B82E59 /* bus135.png */; };
		ABEDEBAF184C266D00B82E59 /* bus180.png in Resources */ = {isa = PBXBuildFile; fileRef = ABEDEBA7184C266D00B82E59 /* bus180.png */; };
		ABEDEBB0184C266D00B82E59 /* bus225.png in Resources */ = {isa = PBXBuildFile; fileRef = ABEDEBA8184C266D00B82E59 /* bus225.png */; };
		ABEDEBB1184C266D00B82E59 /* bus270.png in Resources */ = {isa = PBXBuildFile; fileRef = ABEDEBA9184C266D00B82E59 /* bus270.png */; };
		ABEDEBB2184C266D00B82E59 /* bus315.png in Resources */ = {isa = PBXBuildFile; fileRef = ABEDEBAA184C266D00B82E59 /* bus315.png */; };
		ABEDEBD3184C42ED00B82E59 /* bus-tab.png in Resources */ = {isa = PBXBuildFile; fileRef = ABEDEBD1184C42ED00B82E59 /* bus-tab.png */; };
		ABEDEBD4184C42ED00B82E59 /* bus-tab@2x.png in Resources */ = {isa = PBXBuildFile; fileRef = ABEDEBD2184C42ED00B82E59 /* bus-tab@2x.png */; };
		ABEDEBD7184C434A00B82E59 /* info-tab.png in Resources */ = {isa = PBXBuildFile; fileRef = ABEDEBD5184C434A00B82E59 /* info-tab.png */; };
		ABEDEBD8184C434A00B82E59 /* info-tab@2x.png in Resources */ = {isa = PBXBuildFile; fileRef = ABEDEBD6184C434A00B82E59 /* info-tab@2x.png */; };
		CD61BCAC7D65417C8043BB2B /* libPods-UMBus.a in Frameworks */ = {isa = PBXBuildFile; fileRef = 50576764A2E345BF9F69305F /* libPods-UMBus.a */; };
/* End PBXBuildFile section */

/* Begin PBXContainerItemProxy section */
		ABEDEB00184BD90D00B82E59 /* PBXContainerItemProxy */ = {
			isa = PBXContainerItemProxy;
			containerPortal = ABEDEACC184BD90D00B82E59 /* Project object */;
			proxyType = 1;
			remoteGlobalIDString = ABEDEAD3184BD90D00B82E59;
			remoteInfo = UMBus;
		};
/* End PBXContainerItemProxy section */

/* Begin PBXFileReference section */
		50576764A2E345BF9F69305F /* libPods-UMBus.a */ = {isa = PBXFileReference; explicitFileType = archive.ar; includeInIndex = 0; path = "libPods-UMBus.a"; sourceTree = BUILT_PRODUCTS_DIR; };
		A3F6F18FC78B47FB969ACFE4 /* Pods-UMBus.xcconfig */ = {isa = PBXFileReference; includeInIndex = 1; lastKnownFileType = text.xcconfig; name = "Pods-UMBus.xcconfig"; path = "Pods/Pods-UMBus.xcconfig"; sourceTree = "<group>"; };
		AB2C4C25184D49A5001E2EA2 /* street-view-icon.png */ = {isa = PBXFileReference; lastKnownFileType = image.png; path = "street-view-icon.png"; sourceTree = "<group>"; };
		AB2C4C26184D49A5001E2EA2 /* street-view-icon@2x.png */ = {isa = PBXFileReference; lastKnownFileType = image.png; path = "street-view-icon@2x.png"; sourceTree = "<group>"; };
		AB2C4C29184D5516001E2EA2 /* AnnArbor.gpx */ = {isa = PBXFileReference; lastKnownFileType = text.xml; path = AnnArbor.gpx; sourceTree = "<group>"; };
		AB3006E21852F9E4007A4E29 /* DataStore.h */ = {isa = PBXFileReference; fileEncoding = 4; lastKnownFileType = sourcecode.c.h; path = DataStore.h; sourceTree = "<group>"; };
		AB3006E31852F9E4007A4E29 /* DataStore.m */ = {isa = PBXFileReference; fileEncoding = 4; lastKnownFileType = sourcecode.c.objc; path = DataStore.m; sourceTree = "<group>"; };
		AB32F9D01856B0C300FBC50D /* CoreData.framework */ = {isa = PBXFileReference; lastKnownFileType = wrapper.framework; name = CoreData.framework; path = System/Library/Frameworks/CoreData.framework; sourceTree = SDKROOT; };
		AB32F9D21856B0C700FBC50D /* SystemConfiguration.framework */ = {isa = PBXFileReference; lastKnownFileType = wrapper.framework; name = SystemConfiguration.framework; path = System/Library/Frameworks/SystemConfiguration.framework; sourceTree = SDKROOT; };
		AB32F9D41856B0E200FBC50D /* libz.dylib */ = {isa = PBXFileReference; lastKnownFileType = "compiled.mach-o.dylib"; name = libz.dylib; path = usr/lib/libz.dylib; sourceTree = SDKROOT; };
		AB32F9D61856B0E900FBC50D /* libPods-UMBus-GoogleAnalytics-iOS-SDK.a */ = {isa = PBXFileReference; lastKnownFileType = archive.ar; name = "libPods-UMBus-GoogleAnalytics-iOS-SDK.a"; path = "Pods/build/Debug-iphoneos/libPods-UMBus-GoogleAnalytics-iOS-SDK.a"; sourceTree = "<group>"; };
		AB3DF357185CD45E00942F67 /* stop-icon.png */ = {isa = PBXFileReference; lastKnownFileType = image.png; path = "stop-icon.png"; sourceTree = "<group>"; };
		AB3DF358185CD45E00942F67 /* stop-icon@2x.png */ = {isa = PBXFileReference; lastKnownFileType = image.png; path = "stop-icon@2x.png"; sourceTree = "<group>"; };
		AB3DF35B185CDA3300942F67 /* LocationManager.h */ = {isa = PBXFileReference; fileEncoding = 4; lastKnownFileType = sourcecode.c.h; path = LocationManager.h; sourceTree = "<group>"; };
		AB3DF35C185CDA3300942F67 /* LocationManager.m */ = {isa = PBXFileReference; fileEncoding = 4; lastKnownFileType = sourcecode.c.objc; path = LocationManager.m; sourceTree = "<group>"; };
		AB544331185696E200B65D3D /* Icon-40.png */ = {isa = PBXFileReference; lastKnownFileType = image.png; path = "Icon-40.png"; sourceTree = "<group>"; };
		AB544332185696E200B65D3D /* Icon-40@2x.png */ = {isa = PBXFileReference; lastKnownFileType = image.png; path = "Icon-40@2x.png"; sourceTree = "<group>"; };
		AB544333185696E200B65D3D /* Icon-60.png */ = {isa = PBXFileReference; lastKnownFileType = image.png; path = "Icon-60.png"; sourceTree = "<group>"; };
		AB544334185696E200B65D3D /* Icon-60@2x.png */ = {isa = PBXFileReference; lastKnownFileType = image.png; path = "Icon-60@2x.png"; sourceTree = "<group>"; };
		AB544335185696E200B65D3D /* Icon-76.png */ = {isa = PBXFileReference; lastKnownFileType = image.png; path = "Icon-76.png"; sourceTree = "<group>"; };
		AB544336185696E200B65D3D /* Icon-76@2x.png */ = {isa = PBXFileReference; lastKnownFileType = image.png; path = "Icon-76@2x.png"; sourceTree = "<group>"; };
		AB544337185696E200B65D3D /* Icon-Small.png */ = {isa = PBXFileReference; lastKnownFileType = image.png; path = "Icon-Small.png"; sourceTree = "<group>"; };
		AB544338185696E200B65D3D /* Icon-Small@2x.png */ = {isa = PBXFileReference; lastKnownFileType = image.png; path = "Icon-Small@2x.png"; sourceTree = "<group>"; };
		ABABF5321862A5BB006DEAF0 /* StopsViewControllerModel.h */ = {isa = PBXFileReference; fileEncoding = 4; lastKnownFileType = sourcecode.c.h; path = StopsViewControllerModel.h; sourceTree = "<group>"; };
		ABABF5331862A5BB006DEAF0 /* StopsViewControllerModel.m */ = {isa = PBXFileReference; fileEncoding = 4; lastKnownFileType = sourcecode.c.objc; path = StopsViewControllerModel.m; sourceTree = "<group>"; };
		ABABF5391862BFDD006DEAF0 /* StopsViewController.h */ = {isa = PBXFileReference; fileEncoding = 4; lastKnownFileType = sourcecode.c.h; path = StopsViewController.h; sourceTree = "<group>"; };
		ABABF53A1862BFDD006DEAF0 /* StopsViewController.m */ = {isa = PBXFileReference; fileEncoding = 4; lastKnownFileType = sourcecode.c.objc; path = StopsViewController.m; sourceTree = "<group>"; };
		ABABF53C1862BFE8006DEAF0 /* StopCell.h */ = {isa = PBXFileReference; fileEncoding = 4; lastKnownFileType = sourcecode.c.h; path = StopCell.h; sourceTree = "<group>"; };
		ABABF53D1862BFE8006DEAF0 /* StopCell.m */ = {isa = PBXFileReference; fileEncoding = 4; lastKnownFileType = sourcecode.c.objc; path = StopCell.m; sourceTree = "<group>"; };
		ABABF53E1862BFE8006DEAF0 /* StopCellView.h */ = {isa = PBXFileReference; fileEncoding = 4; lastKnownFileType = sourcecode.c.h; path = StopCellView.h; sourceTree = "<group>"; };
		ABABF53F1862BFE8006DEAF0 /* StopCellView.m */ = {isa = PBXFileReference; fileEncoding = 4; lastKnownFileType = sourcecode.c.objc; path = StopCellView.m; sourceTree = "<group>"; };
		ABABF5431862BFF6006DEAF0 /* StopCellModel.h */ = {isa = PBXFileReference; fileEncoding = 4; lastKnownFileType = sourcecode.c.h; path = StopCellModel.h; sourceTree = "<group>"; };
		ABABF5441862BFF6006DEAF0 /* StopCellModel.m */ = {isa = PBXFileReference; fileEncoding = 4; lastKnownFileType = sourcecode.c.objc; path = StopCellModel.m; sourceTree = "<group>"; };
		ABBCE9DE1855573400DEFA9E /* map-icon.png */ = {isa = PBXFileReference; lastKnownFileType = image.png; path = "map-icon.png"; sourceTree = "<group>"; };
		ABBCE9DF1855573400DEFA9E /* map-icon@2x.png */ = {isa = PBXFileReference; lastKnownFileType = image.png; path = "map-icon@2x.png"; sourceTree = "<group>"; };
		ABE1AE60185316540065C329 /* SegueIdentifiers.h */ = {isa = PBXFileReference; fileEncoding = 4; lastKnownFileType = sourcecode.c.h; path = SegueIdentifiers.h; sourceTree = "<group>"; };
		ABEDEAD4184BD90D00B82E59 /* UMBus.app */ = {isa = PBXFileReference; explicitFileType = wrapper.application; includeInIndex = 0; path = UMBus.app; sourceTree = BUILT_PRODUCTS_DIR; };
		ABEDEAD7184BD90D00B82E59 /* Foundation.framework */ = {isa = PBXFileReference; lastKnownFileType = wrapper.framework; name = Foundation.framework; path = System/Library/Frameworks/Foundation.framework; sourceTree = SDKROOT; };
		ABEDEAD9184BD90D00B82E59 /* CoreGraphics.framework */ = {isa = PBXFileReference; lastKnownFileType = wrapper.framework; name = CoreGraphics.framework; path = System/Library/Frameworks/CoreGraphics.framework; sourceTree = SDKROOT; };
		ABEDEADB184BD90D00B82E59 /* UIKit.framework */ = {isa = PBXFileReference; lastKnownFileType = wrapper.framework; name = UIKit.framework; path = System/Library/Frameworks/UIKit.framework; sourceTree = SDKROOT; };
		ABEDEAFB184BD90D00B82E59 /* UMBusTests.xctest */ = {isa = PBXFileReference; explicitFileType = wrapper.cfbundle; includeInIndex = 0; path = UMBusTests.xctest; sourceTree = BUILT_PRODUCTS_DIR; };
		ABEDEAFC184BD90D00B82E59 /* XCTest.framework */ = {isa = PBXFileReference; lastKnownFileType = wrapper.framework; name = XCTest.framework; path = Library/Frameworks/XCTest.framework; sourceTree = DEVELOPER_DIR; };
		ABEDEB04184BD90D00B82E59 /* UMBusTests-Info.plist */ = {isa = PBXFileReference; lastKnownFileType = text.plist.xml; path = "UMBusTests-Info.plist"; sourceTree = "<group>"; };
		ABEDEB06184BD90D00B82E59 /* en */ = {isa = PBXFileReference; lastKnownFileType = text.plist.strings; name = en; path = en.lproj/InfoPlist.strings; sourceTree = "<group>"; };
		ABEDEB08184BD90D00B82E59 /* UMBusTests.m */ = {isa = PBXFileReference; lastKnownFileType = sourcecode.c.objc; path = UMBusTests.m; sourceTree = "<group>"; };
		ABEDEB14184BDA1B00B82E59 /* Images.xcassets */ = {isa = PBXFileReference; lastKnownFileType = folder.assetcatalog; path = Images.xcassets; sourceTree = "<group>"; };
		ABEDEB17184BDA1B00B82E59 /* Main_iPhone.storyboard */ = {isa = PBXFileReference; fileEncoding = 4; lastKnownFileType = file.storyboard; path = Main_iPhone.storyboard; sourceTree = "<group>"; };
		ABEDEB1A184BDA1B00B82E59 /* en */ = {isa = PBXFileReference; lastKnownFileType = text.plist.strings; name = en; path = en.lproj/InfoPlist.strings; sourceTree = "<group>"; };
		ABEDEB1B184BDA1B00B82E59 /* UMBus-Info.plist */ = {isa = PBXFileReference; fileEncoding = 4; lastKnownFileType = text.plist.xml; path = "UMBus-Info.plist"; sourceTree = "<group>"; };
		ABEDEB35184BDC0A00B82E59 /* MapKit.framework */ = {isa = PBXFileReference; lastKnownFileType = wrapper.framework; name = MapKit.framework; path = System/Library/Frameworks/MapKit.framework; sourceTree = SDKROOT; };
		ABEDEB7E184C103B00B82E59 /* AppDelegate.h */ = {isa = PBXFileReference; fileEncoding = 4; lastKnownFileType = sourcecode.c.h; path = AppDelegate.h; sourceTree = "<group>"; };
		ABEDEB7F184C103B00B82E59 /* AppDelegate.m */ = {isa = PBXFileReference; fileEncoding = 4; lastKnownFileType = sourcecode.c.objc; path = AppDelegate.m; sourceTree = "<group>"; };
		ABEDEB80184C103B00B82E59 /* main.m */ = {isa = PBXFileReference; fileEncoding = 4; lastKnownFileType = sourcecode.c.objc; path = main.m; sourceTree = "<group>"; };
		ABEDEB81184C103B00B82E59 /* UMBus-Prefix.pch */ = {isa = PBXFileReference; fileEncoding = 4; lastKnownFileType = sourcecode.c.h; path = "UMBus-Prefix.pch"; sourceTree = "<group>"; };
		ABEDEBA1184C1CA400B82E59 /* Bus.png */ = {isa = PBXFileReference; lastKnownFileType = image.png; path = Bus.png; sourceTree = "<group>"; };
		ABEDEBA3184C266D00B82E59 /* bus_90.png */ = {isa = PBXFileReference; lastKnownFileType = image.png; path = bus_90.png; sourceTree = "<group>"; };
		ABEDEBA4184C266D00B82E59 /* bus0.png */ = {isa = PBXFileReference; lastKnownFileType = image.png; path = bus0.png; sourceTree = "<group>"; };
		ABEDEBA5184C266D00B82E59 /* bus45.png */ = {isa = PBXFileReference; lastKnownFileType = image.png; path = bus45.png; sourceTree = "<group>"; };
		ABEDEBA6184C266D00B82E59 /* bus135.png */ = {isa = PBXFileReference; lastKnownFileType = image.png; path = bus135.png; sourceTree = "<group>"; };
		ABEDEBA7184C266D00B82E59 /* bus180.png */ = {isa = PBXFileReference; lastKnownFileType = image.png; path = bus180.png; sourceTree = "<group>"; };
		ABEDEBA8184C266D00B82E59 /* bus225.png */ = {isa = PBXFileReference; lastKnownFileType = image.png; path = bus225.png; sourceTree = "<group>"; };
		ABEDEBA9184C266D00B82E59 /* bus270.png */ = {isa = PBXFileReference; lastKnownFileType = image.png; path = bus270.png; sourceTree = "<group>"; };
		ABEDEBAA184C266D00B82E59 /* bus315.png */ = {isa = PBXFileReference; lastKnownFileType = image.png; path = bus315.png; sourceTree = "<group>"; };
		ABEDEBD1184C42ED00B82E59 /* bus-tab.png */ = {isa = PBXFileReference; lastKnownFileType = image.png; path = "bus-tab.png"; sourceTree = "<group>"; };
		ABEDEBD2184C42ED00B82E59 /* bus-tab@2x.png */ = {isa = PBXFileReference; lastKnownFileType = image.png; path = "bus-tab@2x.png"; sourceTree = "<group>"; };
		ABEDEBD5184C434A00B82E59 /* info-tab.png */ = {isa = PBXFileReference; lastKnownFileType = image.png; path = "info-tab.png"; sourceTree = "<group>"; };
		ABEDEBD6184C434A00B82E59 /* info-tab@2x.png */ = {isa = PBXFileReference; lastKnownFileType = image.png; path = "info-tab@2x.png"; sourceTree = "<group>"; };
/* End PBXFileReference section */

/* Begin PBXFrameworksBuildPhase section */
		ABEDEAD1184BD90D00B82E59 /* Frameworks */ = {
			isa = PBXFrameworksBuildPhase;
			buildActionMask = 2147483647;
			files = (
				AB32F9D51856B0E200FBC50D /* libz.dylib in Frameworks */,
				AB32F9D31856B0C700FBC50D /* SystemConfiguration.framework in Frameworks */,
				AB32F9D11856B0C300FBC50D /* CoreData.framework in Frameworks */,
				ABEDEB36184BDC0A00B82E59 /* MapKit.framework in Frameworks */,
				ABEDEADA184BD90D00B82E59 /* CoreGraphics.framework in Frameworks */,
				ABEDEADC184BD90D00B82E59 /* UIKit.framework in Frameworks */,
				ABEDEAD8184BD90D00B82E59 /* Foundation.framework in Frameworks */,
				CD61BCAC7D65417C8043BB2B /* libPods-UMBus.a in Frameworks */,
			);
			runOnlyForDeploymentPostprocessing = 0;
		};
		ABEDEAF8184BD90D00B82E59 /* Frameworks */ = {
			isa = PBXFrameworksBuildPhase;
			buildActionMask = 2147483647;
			files = (
				ABEDEAFD184BD90D00B82E59 /* XCTest.framework in Frameworks */,
				ABEDEAFF184BD90D00B82E59 /* UIKit.framework in Frameworks */,
				ABEDEAFE184BD90D00B82E59 /* Foundation.framework in Frameworks */,
			);
			runOnlyForDeploymentPostprocessing = 0;
		};
/* End PBXFrameworksBuildPhase section */

/* Begin PBXGroup section */
		ABABF5381862BFDD006DEAF0 /* View */ = {
			isa = PBXGroup;
			children = (
				ABABF5391862BFDD006DEAF0 /* StopsViewController.h */,
				ABABF53A1862BFDD006DEAF0 /* StopsViewController.m */,
				ABABF5421862BFEC006DEAF0 /* StopCell */,
			);
			path = View;
			sourceTree = "<group>";
		};
		ABABF5421862BFEC006DEAF0 /* StopCell */ = {
			isa = PBXGroup;
			children = (
				ABABF53C1862BFE8006DEAF0 /* StopCell.h */,
				ABABF53D1862BFE8006DEAF0 /* StopCell.m */,
				ABABF53E1862BFE8006DEAF0 /* StopCellView.h */,
				ABABF53F1862BFE8006DEAF0 /* StopCellView.m */,
			);
			name = StopCell;
			sourceTree = "<group>";
		};
		ABEDEACB184BD90D00B82E59 = {
			isa = PBXGroup;
			children = (
				ABEDEB7B184C103B00B82E59 /* Source */,
				ABEDEB12184BDA1B00B82E59 /* Resources */,
				ABEDEB02184BD90D00B82E59 /* UMBusTests */,
				ABEDEAD6184BD90D00B82E59 /* Frameworks */,
				ABEDEAD5184BD90D00B82E59 /* Products */,
				A3F6F18FC78B47FB969ACFE4 /* Pods-UMBus.xcconfig */,
			);
			sourceTree = "<group>";
		};
		ABEDEAD5184BD90D00B82E59 /* Products */ = {
			isa = PBXGroup;
			children = (
				ABEDEAD4184BD90D00B82E59 /* UMBus.app */,
				ABEDEAFB184BD90D00B82E59 /* UMBusTests.xctest */,
			);
			name = Products;
			sourceTree = "<group>";
		};
		ABEDEAD6184BD90D00B82E59 /* Frameworks */ = {
			isa = PBXGroup;
			children = (
				AB32F9D61856B0E900FBC50D /* libPods-UMBus-GoogleAnalytics-iOS-SDK.a */,
				AB32F9D41856B0E200FBC50D /* libz.dylib */,
				AB32F9D21856B0C700FBC50D /* SystemConfiguration.framework */,
				AB32F9D01856B0C300FBC50D /* CoreData.framework */,
				ABEDEB35184BDC0A00B82E59 /* MapKit.framework */,
				ABEDEAD7184BD90D00B82E59 /* Foundation.framework */,
				ABEDEAD9184BD90D00B82E59 /* CoreGraphics.framework */,
				ABEDEADB184BD90D00B82E59 /* UIKit.framework */,
				ABEDEAFC184BD90D00B82E59 /* XCTest.framework */,
				50576764A2E345BF9F69305F /* libPods-UMBus.a */,
			);
			name = Frameworks;
			sourceTree = "<group>";
		};
		ABEDEB02184BD90D00B82E59 /* UMBusTests */ = {
			isa = PBXGroup;
			children = (
				ABEDEB08184BD90D00B82E59 /* UMBusTests.m */,
				ABEDEB03184BD90D00B82E59 /* Supporting Files */,
			);
			path = UMBusTests;
			sourceTree = "<group>";
		};
		ABEDEB03184BD90D00B82E59 /* Supporting Files */ = {
			isa = PBXGroup;
			children = (
				ABEDEB04184BD90D00B82E59 /* UMBusTests-Info.plist */,
				ABEDEB05184BD90D00B82E59 /* InfoPlist.strings */,
			);
			name = "Supporting Files";
			sourceTree = "<group>";
		};
		ABEDEB12184BDA1B00B82E59 /* Resources */ = {
			isa = PBXGroup;
			children = (
				ABEDEB13184BDA1B00B82E59 /* Images */,
				ABEDEB15184BDA1B00B82E59 /* Interfaces */,
				ABEDEB18184BDA1B00B82E59 /* Misc */,
			);
			name = Resources;
			path = UMBus/Resources;
			sourceTree = "<group>";
		};
		ABEDEB13184BDA1B00B82E59 /* Images */ = {
			isa = PBXGroup;
			children = (
				AB544331185696E200B65D3D /* Icon-40.png */,
				AB544332185696E200B65D3D /* Icon-40@2x.png */,
				AB544333185696E200B65D3D /* Icon-60.png */,
				AB544334185696E200B65D3D /* Icon-60@2x.png */,
				AB544335185696E200B65D3D /* Icon-76.png */,
				AB544336185696E200B65D3D /* Icon-76@2x.png */,
				AB544337185696E200B65D3D /* Icon-Small.png */,
				AB544338185696E200B65D3D /* Icon-Small@2x.png */,
				ABBCE9DE1855573400DEFA9E /* map-icon.png */,
				ABBCE9DF1855573400DEFA9E /* map-icon@2x.png */,
				AB2C4C25184D49A5001E2EA2 /* street-view-icon.png */,
				AB2C4C26184D49A5001E2EA2 /* street-view-icon@2x.png */,
				ABEDEBD1184C42ED00B82E59 /* bus-tab.png */,
				ABEDEBD2184C42ED00B82E59 /* bus-tab@2x.png */,
				ABEDEBD5184C434A00B82E59 /* info-tab.png */,
				ABEDEBD6184C434A00B82E59 /* info-tab@2x.png */,
				ABEDEBA3184C266D00B82E59 /* bus_90.png */,
				ABEDEBA4184C266D00B82E59 /* bus0.png */,
				ABEDEBA5184C266D00B82E59 /* bus45.png */,
				ABEDEBA6184C266D00B82E59 /* bus135.png */,
				ABEDEBA7184C266D00B82E59 /* bus180.png */,
				ABEDEBA8184C266D00B82E59 /* bus225.png */,
				ABEDEBA9184C266D00B82E59 /* bus270.png */,
				ABEDEBAA184C266D00B82E59 /* bus315.png */,
				ABEDEBA1184C1CA400B82E59 /* Bus.png */,
				AB3DF357185CD45E00942F67 /* stop-icon.png */,
				AB3DF358185CD45E00942F67 /* stop-icon@2x.png */,
				ABEDEB14184BDA1B00B82E59 /* Images.xcassets */,
			);
			path = Images;
			sourceTree = "<group>";
		};
		ABEDEB15184BDA1B00B82E59 /* Interfaces */ = {
			isa = PBXGroup;
			children = (
				ABEDEB17184BDA1B00B82E59 /* Main_iPhone.storyboard */,
			);
			path = Interfaces;
			sourceTree = "<group>";
		};
		ABEDEB18184BDA1B00B82E59 /* Misc */ = {
			isa = PBXGroup;
			children = (
				ABEDEB19184BDA1B00B82E59 /* InfoPlist.strings */,
				ABEDEB1B184BDA1B00B82E59 /* UMBus-Info.plist */,
				AB2C4C29184D5516001E2EA2 /* AnnArbor.gpx */,
			);
			path = Misc;
			sourceTree = "<group>";
		};
		ABEDEB7B184C103B00B82E59 /* Source */ = {
			isa = PBXGroup;
			children = (
				ABEDEB7C184C103B00B82E59 /* Misc */,
				ABEDEB82184C103B00B82E59 /* Model */,
				ABABF5381862BFDD006DEAF0 /* View */,
				ABEDEB92184C103B00B82E59 /* View Model */,
			);
			name = Source;
			path = UMBus/Source;
			sourceTree = "<group>";
		};
		ABEDEB7C184C103B00B82E59 /* Misc */ = {
			isa = PBXGroup;
			children = (
				ABEDEB7D184C103B00B82E59 /* App Delegate */,
				ABEDEB80184C103B00B82E59 /* main.m */,
				ABEDEB81184C103B00B82E59 /* UMBus-Prefix.pch */,
				AB3006E21852F9E4007A4E29 /* DataStore.h */,
				AB3006E31852F9E4007A4E29 /* DataStore.m */,
				AB3DF35B185CDA3300942F67 /* LocationManager.h */,
				AB3DF35C185CDA3300942F67 /* LocationManager.m */,
				ABE1AE60185316540065C329 /* SegueIdentifiers.h */,
			);
			path = Misc;
			sourceTree = "<group>";
		};
		ABEDEB7D184C103B00B82E59 /* App Delegate */ = {
			isa = PBXGroup;
			children = (
				ABEDEB7E184C103B00B82E59 /* AppDelegate.h */,
				ABEDEB7F184C103B00B82E59 /* AppDelegate.m */,
			);
			path = "App Delegate";
			sourceTree = "<group>";
		};
		ABEDEB82184C103B00B82E59 /* Model */ = {
			isa = PBXGroup;
			children = (
			);
			path = Model;
			sourceTree = "<group>";
		};
		ABEDEB92184C103B00B82E59 /* View Model */ = {
			isa = PBXGroup;
			children = (
				ABABF5321862A5BB006DEAF0 /* StopsViewControllerModel.h */,
				ABABF5331862A5BB006DEAF0 /* StopsViewControllerModel.m */,
				ABABF5431862BFF6006DEAF0 /* StopCellModel.h */,
				ABABF5441862BFF6006DEAF0 /* StopCellModel.m */,
			);
			path = "View Model";
			sourceTree = "<group>";
		};
/* End PBXGroup section */

/* Begin PBXNativeTarget section */
		ABEDEAD3184BD90D00B82E59 /* UMBus */ = {
			isa = PBXNativeTarget;
			buildConfigurationList = ABEDEB0C184BD90D00B82E59 /* Build configuration list for PBXNativeTarget "UMBus" */;
			buildPhases = (
				BFE161954AD44ED5AD996A15 /* Check Pods Manifest.lock */,
				ABEDEAD0184BD90D00B82E59 /* Sources */,
				ABEDEAD1184BD90D00B82E59 /* Frameworks */,
				ABEDEAD2184BD90D00B82E59 /* Resources */,
				8074FC74948949289C6CA55A /* Copy Pods Resources */,
			);
			buildRules = (
			);
			dependencies = (
			);
			name = UMBus;
			productName = UMBus;
			productReference = ABEDEAD4184BD90D00B82E59 /* UMBus.app */;
			productType = "com.apple.product-type.application";
		};
		ABEDEAFA184BD90D00B82E59 /* UMBusTests */ = {
			isa = PBXNativeTarget;
			buildConfigurationList = ABEDEB0F184BD90D00B82E59 /* Build configuration list for PBXNativeTarget "UMBusTests" */;
			buildPhases = (
				ABEDEAF7184BD90D00B82E59 /* Sources */,
				ABEDEAF8184BD90D00B82E59 /* Frameworks */,
				ABEDEAF9184BD90D00B82E59 /* Resources */,
			);
			buildRules = (
			);
			dependencies = (
				ABEDEB01184BD90D00B82E59 /* PBXTargetDependency */,
			);
			name = UMBusTests;
			productName = UMBusTests;
			productReference = ABEDEAFB184BD90D00B82E59 /* UMBusTests.xctest */;
			productType = "com.apple.product-type.bundle.unit-test";
		};
/* End PBXNativeTarget section */

/* Begin PBXProject section */
		ABEDEACC184BD90D00B82E59 /* Project object */ = {
			isa = PBXProject;
			attributes = {
				LastUpgradeCheck = 0500;
				ORGANIZATIONNAME = "Jonah Grant";
				TargetAttributes = {
					ABEDEAD3184BD90D00B82E59 = {
						DevelopmentTeam = LB4MBV72FH;
					};
					ABEDEAFA184BD90D00B82E59 = {
						TestTargetID = ABEDEAD3184BD90D00B82E59;
					};
				};
			};
			buildConfigurationList = ABEDEACF184BD90D00B82E59 /* Build configuration list for PBXProject "UMBus" */;
			compatibilityVersion = "Xcode 3.2";
			developmentRegion = English;
			hasScannedForEncodings = 0;
			knownRegions = (
				en,
				Base,
			);
			mainGroup = ABEDEACB184BD90D00B82E59;
			productRefGroup = ABEDEAD5184BD90D00B82E59 /* Products */;
			projectDirPath = "";
			projectRoot = "";
			targets = (
				ABEDEAD3184BD90D00B82E59 /* UMBus */,
				ABEDEAFA184BD90D00B82E59 /* UMBusTests */,
				ABEDEB42184BE67700B82E59 /* Mogenerator */,
			);
		};
/* End PBXProject section */

/* Begin PBXResourcesBuildPhase section */
		ABEDEAD2184BD90D00B82E59 /* Resources */ = {
			isa = PBXResourcesBuildPhase;
			buildActionMask = 2147483647;
			files = (
				ABBCE9E11855573400DEFA9E /* map-icon@2x.png in Resources */,
				ABEDEBAE184C266D00B82E59 /* bus135.png in Resources */,
				ABEDEBA2184C1CA400B82E59 /* Bus.png in Resources */,
				ABEDEBAB184C266D00B82E59 /* bus_90.png in Resources */,
				ABEDEB29184BDA1B00B82E59 /* Images.xcassets in Resources */,
				ABEDEBD7184C434A00B82E59 /* info-tab.png in Resources */,
				ABEDEBD4184C42ED00B82E59 /* bus-tab@2x.png in Resources */,
				ABEDEB2C184BDA1B00B82E59 /* InfoPlist.strings in Resources */,
				AB2C4C27184D49A5001E2EA2 /* street-view-icon.png in Resources */,
				ABEDEBAF184C266D00B82E59 /* bus180.png in Resources */,
				ABEDEBB0184C266D00B82E59 /* bus225.png in Resources */,
				AB3DF35A185CD45E00942F67 /* stop-icon@2x.png in Resources */,
				ABEDEBB1184C266D00B82E59 /* bus270.png in Resources */,
				ABEDEBB2184C266D00B82E59 /* bus315.png in Resources */,
				AB544340185696E200B65D3D /* Icon-Small@2x.png in Resources */,
				AB54433B185696E200B65D3D /* Icon-60.png in Resources */,
				ABEDEBAD184C266D00B82E59 /* bus45.png in Resources */,
				AB2C4C28184D49A5001E2EA2 /* street-view-icon@2x.png in Resources */,
				AB54433E185696E200B65D3D /* Icon-76@2x.png in Resources */,
				AB54433F185696E200B65D3D /* Icon-Small.png in Resources */,
				AB54433A185696E200B65D3D /* Icon-40@2x.png in Resources */,
				ABEDEBD8184C434A00B82E59 /* info-tab@2x.png in Resources */,
				ABEDEB2B184BDA1B00B82E59 /* Main_iPhone.storyboard in Resources */,
				AB544339185696E200B65D3D /* Icon-40.png in Resources */,
				ABEDEBD3184C42ED00B82E59 /* bus-tab.png in Resources */,
				ABEDEBAC184C266D00B82E59 /* bus0.png in Resources */,
				AB54433D185696E200B65D3D /* Icon-76.png in Resources */,
				ABBCE9E01855573400DEFA9E /* map-icon.png in Resources */,
				AB3DF359185CD45E00942F67 /* stop-icon.png in Resources */,
				AB54433C185696E200B65D3D /* Icon-60@2x.png in Resources */,
			);
			runOnlyForDeploymentPostprocessing = 0;
		};
		ABEDEAF9184BD90D00B82E59 /* Resources */ = {
			isa = PBXResourcesBuildPhase;
			buildActionMask = 2147483647;
			files = (
				ABEDEB07184BD90D00B82E59 /* InfoPlist.strings in Resources */,
			);
			runOnlyForDeploymentPostprocessing = 0;
		};
/* End PBXResourcesBuildPhase section */

/* Begin PBXShellScriptBuildPhase section */
		8074FC74948949289C6CA55A /* Copy Pods Resources */ = {
			isa = PBXShellScriptBuildPhase;
			buildActionMask = 2147483647;
			files = (
			);
			inputPaths = (
			);
			name = "Copy Pods Resources";
			outputPaths = (
			);
			runOnlyForDeploymentPostprocessing = 0;
			shellPath = /bin/sh;
			shellScript = "\"${SRCROOT}/Pods/Pods-UMBus-resources.sh\"\n";
			showEnvVarsInLog = 0;
		};
		ABEDEB46184BE69100B82E59 /* ShellScript */ = {
			isa = PBXShellScriptBuildPhase;
			buildActionMask = 2147483647;
			files = (
			);
			inputPaths = (
			);
			outputPaths = (
			);
			runOnlyForDeploymentPostprocessing = 0;
			shellPath = /bin/sh;
			shellScript = "mogenerator -m UMBus/Resources/Misc/Data.xcdatamodeld/Data.xcdatamodel -O $PROJECT_DIR/$PROJECT_NAME/Source/Models --machine-dir $PROJECT_DIR/$PROJECT_NAME/Source/Models/Generated --template-var arc=true\n";
		};
		BFE161954AD44ED5AD996A15 /* Check Pods Manifest.lock */ = {
			isa = PBXShellScriptBuildPhase;
			buildActionMask = 2147483647;
			files = (
			);
			inputPaths = (
			);
			name = "Check Pods Manifest.lock";
			outputPaths = (
			);
			runOnlyForDeploymentPostprocessing = 0;
			shellPath = /bin/sh;
			shellScript = "diff \"${PODS_ROOT}/../Podfile.lock\" \"${PODS_ROOT}/Manifest.lock\" > /dev/null\nif [[ $? != 0 ]] ; then\n    cat << EOM\nerror: The sandbox is not in sync with the Podfile.lock. Run 'pod install' or update your CocoaPods installation.\nEOM\n    exit 1\nfi\n";
			showEnvVarsInLog = 0;
		};
/* End PBXShellScriptBuildPhase section */

/* Begin PBXSourcesBuildPhase section */
		ABEDEAD0184BD90D00B82E59 /* Sources */ = {
			isa = PBXSourcesBuildPhase;
			buildActionMask = 2147483647;
			files = (
				AB3DF35D185CDA3300942F67 /* LocationManager.m in Sources */,
				ABABF5451862BFF6006DEAF0 /* StopCellModel.m in Sources */,
				ABEDEB93184C103B00B82E59 /* AppDelegate.m in Sources */,
				ABABF5411862BFE8006DEAF0 /* StopCellView.m in Sources */,
				ABEDEB94184C103B00B82E59 /* main.m in Sources */,
				ABABF5341862A5BB006DEAF0 /* StopsViewControllerModel.m in Sources */,
				ABABF53B1862BFDD006DEAF0 /* StopsViewController.m in Sources */,
				AB3006E41852F9E4007A4E29 /* DataStore.m in Sources */,
				ABABF5401862BFE8006DEAF0 /* StopCell.m in Sources */,
			);
			runOnlyForDeploymentPostprocessing = 0;
		};
		ABEDEAF7184BD90D00B82E59 /* Sources */ = {
			isa = PBXSourcesBuildPhase;
			buildActionMask = 2147483647;
			files = (
				ABEDEB09184BD90D00B82E59 /* UMBusTests.m in Sources */,
			);
			runOnlyForDeploymentPostprocessing = 0;
		};
/* End PBXSourcesBuildPhase section */

/* Begin PBXTargetDependency section */
		ABEDEB01184BD90D00B82E59 /* PBXTargetDependency */ = {
			isa = PBXTargetDependency;
			target = ABEDEAD3184BD90D00B82E59 /* UMBus */;
			targetProxy = ABEDEB00184BD90D00B82E59 /* PBXContainerItemProxy */;
		};
/* End PBXTargetDependency section */

/* Begin PBXVariantGroup section */
		ABEDEB05184BD90D00B82E59 /* InfoPlist.strings */ = {
			isa = PBXVariantGroup;
			children = (
				ABEDEB06184BD90D00B82E59 /* en */,
			);
			name = InfoPlist.strings;
			sourceTree = "<group>";
		};
		ABEDEB19184BDA1B00B82E59 /* InfoPlist.strings */ = {
			isa = PBXVariantGroup;
			children = (
				ABEDEB1A184BDA1B00B82E59 /* en */,
			);
			name = InfoPlist.strings;
			sourceTree = "<group>";
		};
/* End PBXVariantGroup section */

/* Begin XCBuildConfiguration section */
		ABEDEB0A184BD90D00B82E59 /* Debug */ = {
			isa = XCBuildConfiguration;
			buildSettings = {
				ALWAYS_SEARCH_USER_PATHS = NO;
				ARCHS = "$(ARCHS_STANDARD_INCLUDING_64_BIT)";
				CLANG_CXX_LANGUAGE_STANDARD = "gnu++0x";
				CLANG_CXX_LIBRARY = "libc++";
				CLANG_ENABLE_MODULES = YES;
				CLANG_ENABLE_OBJC_ARC = YES;
				CLANG_WARN_BOOL_CONVERSION = YES;
				CLANG_WARN_CONSTANT_CONVERSION = YES;
				CLANG_WARN_DIRECT_OBJC_ISA_USAGE = YES_ERROR;
				CLANG_WARN_EMPTY_BODY = YES;
				CLANG_WARN_ENUM_CONVERSION = YES;
				CLANG_WARN_INT_CONVERSION = YES;
				CLANG_WARN_OBJC_ROOT_CLASS = YES_ERROR;
				CLANG_WARN__DUPLICATE_METHOD_MATCH = YES;
				CODE_SIGN_IDENTITY = "iPhone Distribution: Jonah Grant (LB4MBV72FH)";
				"CODE_SIGN_IDENTITY[sdk=iphoneos*]" = "iPhone Developer";
				COPY_PHASE_STRIP = NO;
				GCC_C_LANGUAGE_STANDARD = gnu99;
				GCC_DYNAMIC_NO_PIC = NO;
				GCC_OPTIMIZATION_LEVEL = 0;
				GCC_PREPROCESSOR_DEFINITIONS = (
					"DEBUG=1",
					"$(inherited)",
				);
				GCC_SYMBOLS_PRIVATE_EXTERN = NO;
				GCC_WARN_64_TO_32_BIT_CONVERSION = YES;
				GCC_WARN_ABOUT_RETURN_TYPE = YES_ERROR;
				GCC_WARN_UNDECLARED_SELECTOR = YES;
				GCC_WARN_UNINITIALIZED_AUTOS = YES;
				GCC_WARN_UNUSED_FUNCTION = YES;
				GCC_WARN_UNUSED_VARIABLE = YES;
				IPHONEOS_DEPLOYMENT_TARGET = 7.0;
				ONLY_ACTIVE_ARCH = YES;
				PROVISIONING_PROFILE = "C74BD783-AAB8-4FB6-A275-3050BC89ED04";
				SDKROOT = iphoneos;
				TARGETED_DEVICE_FAMILY = "1,2";
			};
			name = Debug;
		};
		ABEDEB0B184BD90D00B82E59 /* Release */ = {
			isa = XCBuildConfiguration;
			buildSettings = {
				ALWAYS_SEARCH_USER_PATHS = NO;
				ARCHS = "$(ARCHS_STANDARD_INCLUDING_64_BIT)";
				CLANG_CXX_LANGUAGE_STANDARD = "gnu++0x";
				CLANG_CXX_LIBRARY = "libc++";
				CLANG_ENABLE_MODULES = YES;
				CLANG_ENABLE_OBJC_ARC = YES;
				CLANG_WARN_BOOL_CONVERSION = YES;
				CLANG_WARN_CONSTANT_CONVERSION = YES;
				CLANG_WARN_DIRECT_OBJC_ISA_USAGE = YES_ERROR;
				CLANG_WARN_EMPTY_BODY = YES;
				CLANG_WARN_ENUM_CONVERSION = YES;
				CLANG_WARN_INT_CONVERSION = YES;
				CLANG_WARN_OBJC_ROOT_CLASS = YES_ERROR;
				CLANG_WARN__DUPLICATE_METHOD_MATCH = YES;
				CODE_SIGN_IDENTITY = "iPhone Distribution: Jonah Grant (LB4MBV72FH)";
				"CODE_SIGN_IDENTITY[sdk=iphoneos*]" = "iPhone Developer";
				COPY_PHASE_STRIP = YES;
				ENABLE_NS_ASSERTIONS = NO;
				GCC_C_LANGUAGE_STANDARD = gnu99;
				GCC_WARN_64_TO_32_BIT_CONVERSION = YES;
				GCC_WARN_ABOUT_RETURN_TYPE = YES_ERROR;
				GCC_WARN_UNDECLARED_SELECTOR = YES;
				GCC_WARN_UNINITIALIZED_AUTOS = YES;
				GCC_WARN_UNUSED_FUNCTION = YES;
				GCC_WARN_UNUSED_VARIABLE = YES;
				IPHONEOS_DEPLOYMENT_TARGET = 7.0;
				PROVISIONING_PROFILE = "C74BD783-AAB8-4FB6-A275-3050BC89ED04";
				SDKROOT = iphoneos;
				TARGETED_DEVICE_FAMILY = "1,2";
				VALIDATE_PRODUCT = YES;
			};
			name = Release;
		};
		ABEDEB0D184BD90D00B82E59 /* Debug */ = {
			isa = XCBuildConfiguration;
			baseConfigurationReference = A3F6F18FC78B47FB969ACFE4 /* Pods-UMBus.xcconfig */;
			buildSettings = {
				ARCHS = "$(ARCHS_STANDARD)";
				ASSETCATALOG_COMPILER_APPICON_NAME = AppIcon;
				ASSETCATALOG_COMPILER_LAUNCHIMAGE_NAME = LaunchImage;
				CODE_SIGN_IDENTITY = "iPhone Distribution: Jonah Grant (LB4MBV72FH)";
				"CODE_SIGN_IDENTITY[sdk=iphoneos*]" = "iPhone Developer";
				GCC_PRECOMPILE_PREFIX_HEADER = YES;
				GCC_PREFIX_HEADER = "UMBus/Source/Misc/UMBus-Prefix.pch";
				INFOPLIST_FILE = "$(SRCROOT)/UMBus/Resources/Misc/UMBus-Info.plist";
				PRODUCT_NAME = "$(TARGET_NAME)";
				PROVISIONING_PROFILE = "";
				TARGETED_DEVICE_FAMILY = 1;
				VALID_ARCHS = "armv7 armv7s";
				WRAPPER_EXTENSION = app;
			};
			name = Debug;
		};
		ABEDEB0E184BD90D00B82E59 /* Release */ = {
			isa = XCBuildConfiguration;
			baseConfigurationReference = A3F6F18FC78B47FB969ACFE4 /* Pods-UMBus.xcconfig */;
			buildSettings = {
				ARCHS = "$(ARCHS_STANDARD)";
				ASSETCATALOG_COMPILER_APPICON_NAME = AppIcon;
				ASSETCATALOG_COMPILER_LAUNCHIMAGE_NAME = LaunchImage;
				CODE_SIGN_IDENTITY = "iPhone Distribution: Jonah Grant (LB4MBV72FH)";
				"CODE_SIGN_IDENTITY[sdk=iphoneos*]" = "iPhone Developer";
				GCC_PRECOMPILE_PREFIX_HEADER = YES;
				GCC_PREFIX_HEADER = "UMBus/Source/Misc/UMBus-Prefix.pch";
				INFOPLIST_FILE = "$(SRCROOT)/UMBus/Resources/Misc/UMBus-Info.plist";
				PRODUCT_NAME = "$(TARGET_NAME)";
				PROVISIONING_PROFILE = "";
				TARGETED_DEVICE_FAMILY = 1;
				VALID_ARCHS = "armv7 armv7s";
				WRAPPER_EXTENSION = app;
			};
			name = Release;
		};
		ABEDEB10184BD90D00B82E59 /* Debug */ = {
			isa = XCBuildConfiguration;
			buildSettings = {
				ARCHS = "$(ARCHS_STANDARD_INCLUDING_64_BIT)";
				BUNDLE_LOADER = "$(BUILT_PRODUCTS_DIR)/UMBus.app/UMBus";
				FRAMEWORK_SEARCH_PATHS = (
					"$(SDKROOT)/Developer/Library/Frameworks",
					"$(inherited)",
					"$(DEVELOPER_FRAMEWORKS_DIR)",
				);
				GCC_PRECOMPILE_PREFIX_HEADER = YES;
				GCC_PREFIX_HEADER = "UMBus/UMBus-Prefix.pch";
				GCC_PREPROCESSOR_DEFINITIONS = (
					"DEBUG=1",
					"$(inherited)",
				);
				INFOPLIST_FILE = "UMBusTests/UMBusTests-Info.plist";
				PRODUCT_NAME = "$(TARGET_NAME)";
				TEST_HOST = "$(BUNDLE_LOADER)";
				WRAPPER_EXTENSION = xctest;
			};
			name = Debug;
		};
		ABEDEB11184BD90D00B82E59 /* Release */ = {
			isa = XCBuildConfiguration;
			buildSettings = {
				ARCHS = "$(ARCHS_STANDARD_INCLUDING_64_BIT)";
				BUNDLE_LOADER = "$(BUILT_PRODUCTS_DIR)/UMBus.app/UMBus";
				FRAMEWORK_SEARCH_PATHS = (
					"$(SDKROOT)/Developer/Library/Frameworks",
					"$(inherited)",
					"$(DEVELOPER_FRAMEWORKS_DIR)",
				);
				GCC_PRECOMPILE_PREFIX_HEADER = YES;
				GCC_PREFIX_HEADER = "UMBus/UMBus-Prefix.pch";
				INFOPLIST_FILE = "UMBusTests/UMBusTests-Info.plist";
				PRODUCT_NAME = "$(TARGET_NAME)";
				TEST_HOST = "$(BUNDLE_LOADER)";
				WRAPPER_EXTENSION = xctest;
			};
			name = Release;
		};
		ABEDEB44184BE67800B82E59 /* Debug */ = {
			isa = XCBuildConfiguration;
			buildSettings = {
				PRODUCT_NAME = "$(TARGET_NAME)";
			};
			name = Debug;
		};
		ABEDEB45184BE67800B82E59 /* Release */ = {
			isa = XCBuildConfiguration;
			buildSettings = {
				PRODUCT_NAME = "$(TARGET_NAME)";
			};
			name = Release;
		};
/* End XCBuildConfiguration section */

/* Begin XCConfigurationList section */
		ABEDEACF184BD90D00B82E59 /* Build configuration list for PBXProject "UMBus" */ = {
			isa = XCConfigurationList;
			buildConfigurations = (
				ABEDEB0A184BD90D00B82E59 /* Debug */,
				ABEDEB0B184BD90D00B82E59 /* Release */,
			);
			defaultConfigurationIsVisible = 0;
			defaultConfigurationName = Release;
		};
		ABEDEB0C184BD90D00B82E59 /* Build configuration list for PBXNativeTarget "UMBus" */ = {
			isa = XCConfigurationList;
			buildConfigurations = (
				ABEDEB0D184BD90D00B82E59 /* Debug */,
				ABEDEB0E184BD90D00B82E59 /* Release */,
			);
			defaultConfigurationIsVisible = 0;
			defaultConfigurationName = Release;
		};
		ABEDEB0F184BD90D00B82E59 /* Build configuration list for PBXNativeTarget "UMBusTests" */ = {
			isa = XCConfigurationList;
			buildConfigurations = (
				ABEDEB10184BD90D00B82E59 /* Debug */,
				ABEDEB11184BD90D00B82E59 /* Release */,
			);
			defaultConfigurationIsVisible = 0;
			defaultConfigurationName = Release;
		};
		ABEDEB43184BE67800B82E59 /* Build configuration list for PBXAggregateTarget "Mogenerator" */ = {
			isa = XCConfigurationList;
			buildConfigurations = (
				ABEDEB44184BE67800B82E59 /* Debug */,
				ABEDEB45184BE67800B82E59 /* Release */,
			);
			defaultConfigurationIsVisible = 0;
			defaultConfigurationName = Release;
		};
/* End XCConfigurationList section */
	};
	rootObject = ABEDEACC184BD90D00B82E59 /* Project object */;
}
